
Microsoft Visual Studio Solution File, Format Version 12.00
# Visual Studio Version 16
VisualStudioVersion = 16.0.29215.179
MinimumVisualStudioVersion = 10.0.40219.1
Project("{FAE04EC0-301F-11D3-BF4B-00C04F79EFBC}") = "PcgTools Application", "KorgKronosTools\PcgTools Application.csproj", "{D18ED6C7-B8D0-4D9E-B498-744DC88A06AA}"
	ProjectSection(ProjectDependencies) = postProject
		{BE1ED569-5E0B-4DF0-8964-33AD2AAE4C4A} = {BE1ED569-5E0B-4DF0-8964-33AD2AAE4C4A}
		{62D30792-A373-4C67-841C-34B2277B1807} = {62D30792-A373-4C67-841C-34B2277B1807}
	EndProjectSection
EndProject
Project("{FAE04EC0-301F-11D3-BF4B-00C04F79EFBC}") = "PcgTools _UnitTests", "PCG Tools Unittests\PcgTools _UnitTests.csproj", "{C398A416-8FFA-4877-9DAD-E2D666158CAE}"
	ProjectSection(ProjectDependencies) = postProject
		{BE1ED569-5E0B-4DF0-8964-33AD2AAE4C4A} = {BE1ED569-5E0B-4DF0-8964-33AD2AAE4C4A}
		{62D30792-A373-4C67-841C-34B2277B1807} = {62D30792-A373-4C67-841C-34B2277B1807}
	EndProjectSection
EndProject
Project("{FAE04EC0-301F-11D3-BF4B-00C04F79EFBC}") = "Common", "Common\Common.csproj", "{62D30792-A373-4C67-841C-34B2277B1807}"
EndProject
Project("{FAE04EC0-301F-11D3-BF4B-00C04F79EFBC}") = "WPF.MDI", "WPF.MDI\WPF.MDI.csproj", "{BE1ED569-5E0B-4DF0-8964-33AD2AAE4C4A}"
EndProject
Project("{FAE04EC0-301F-11D3-BF4B-00C04F79EFBC}") = "ExternalUtilities", "ExternalUtilities\ExternalUtilities.csproj", "{99BA6AAC-192B-41E3-8564-7019D9F38165}"
	ProjectSection(ProjectDependencies) = postProject
		{C398A416-8FFA-4877-9DAD-E2D666158CAE} = {C398A416-8FFA-4877-9DAD-E2D666158CAE}
		{BE1ED569-5E0B-4DF0-8964-33AD2AAE4C4A} = {BE1ED569-5E0B-4DF0-8964-33AD2AAE4C4A}
		{62D30792-A373-4C67-841C-34B2277B1807} = {62D30792-A373-4C67-841C-34B2277B1807}
		{D18ED6C7-B8D0-4D9E-B498-744DC88A06AA} = {D18ED6C7-B8D0-4D9E-B498-744DC88A06AA}
	EndProjectSection
EndProject
Project("{FAE04EC0-301F-11D3-BF4B-00C04F79EFBC}") = "PatchDbBackEnd", "PatchDatabaseBackEnd\PatchDbBackEnd.csproj", "{73D973AE-C79A-4E25-A669-C91DB950C709}"
EndProject
Project("{FAE04EC0-301F-11D3-BF4B-00C04F79EFBC}") = "PatchDbFrontEnd", "PatchDbFrontEnd\PatchDbFrontEnd.csproj", "{9924B46B-0361-4048-B861-87557C15EC6E}"
	ProjectSection(ProjectDependencies) = postProject
		{73D973AE-C79A-4E25-A669-C91DB950C709} = {73D973AE-C79A-4E25-A669-C91DB950C709}
	EndProjectSection
EndProject
Project("{2150E333-8FDC-42A3-9474-1A3956D46DE8}") = "Installation", "Installation", "{A2499352-B10A-438B-9E97-7E2FB3F1AE56}"
	ProjectSection(SolutionItems) = preProject
		Installation\PCG Tools.aip = Installation\PCG Tools.aip
	EndProjectSection
EndProject
Project("{2150E333-8FDC-42A3-9474-1A3956D46DE8}") = "Documentation", "Documentation", "{AF044B5B-17D8-4CE9-8388-2DF221FD79B3}"
	ProjectSection(SolutionItems) = preProject
		Documentation\contact.html = Documentation\contact.html
		Documentation\Design.eap = Documentation\Design.eap
		Documentation\Documentation.vcxproj = Documentation\Documentation.vcxproj
		Documentation\Documentation.vcxproj.filters = Documentation\Documentation.vcxproj.filters
		Documentation\EULA.rtf = Documentation\EULA.rtf
		Documentation\GoogleDocsStringIds.xlsx = Documentation\GoogleDocsStringIds.xlsx
		Documentation\History.txt = Documentation\History.txt
		Documentation\Interfaces.txt = Documentation\Interfaces.txt
		Documentation\Manual - Copy.docx = Documentation\Manual - Copy.docx
		Documentation\Manual.docx = Documentation\Manual.docx
		Documentation\Manual.pdf = Documentation\Manual.pdf
		Documentation\Menu.txt = Documentation\Menu.txt
		Documentation\NewCutCopyPasteSettings.pdf = Documentation\NewCutCopyPasteSettings.pdf
		Documentation\Notes.txt = Documentation\Notes.txt
		Documentation\PCG Structure Kronos.txt = Documentation\PCG Structure Kronos.txt
		Documentation\PCG Structure M3.txt = Documentation\PCG Structure M3.txt
		Documentation\PCG Structure N264.txt = Documentation\PCG Structure N264.txt
		Documentation\PCG Structure Oasys.txt = Documentation\PCG Structure Oasys.txt
		Documentation\PCG Structure Wavestation.txt = Documentation\PCG Structure Wavestation.txt
		Documentation\readme.txt = Documentation\readme.txt
		Documentation\ResourceStringProblems.txt = Documentation\ResourceStringProblems.txt
		Documentation\SNG Structure Kronos.txt = Documentation\SNG Structure Kronos.txt
		Documentation\wpfmdi_license.txt = Documentation\wpfmdi_license.txt
	EndProjectSection
EndProject
Global
	GlobalSection(SolutionConfigurationPlatforms) = preSolution
		CD_ROM|Any CPU = CD_ROM|Any CPU
		CD_ROM|Mixed Platforms = CD_ROM|Mixed Platforms
		CD_ROM|Win32 = CD_ROM|Win32
		CD_ROM|x64 = CD_ROM|x64
		CD_ROM|x86 = CD_ROM|x86
		Debug|Any CPU = Debug|Any CPU
		Debug|Mixed Platforms = Debug|Mixed Platforms
		Debug|Win32 = Debug|Win32
		Debug|x64 = Debug|x64
		Debug|x86 = Debug|x86
		DVD-5|Any CPU = DVD-5|Any CPU
		DVD-5|Mixed Platforms = DVD-5|Mixed Platforms
		DVD-5|Win32 = DVD-5|Win32
		DVD-5|x64 = DVD-5|x64
		DVD-5|x86 = DVD-5|x86
		Release|Any CPU = Release|Any CPU
		Release|Mixed Platforms = Release|Mixed Platforms
		Release|Win32 = Release|Win32
		Release|x64 = Release|x64
		Release|x86 = Release|x86
		SingleImage|Any CPU = SingleImage|Any CPU
		SingleImage|Mixed Platforms = SingleImage|Mixed Platforms
		SingleImage|Win32 = SingleImage|Win32
		SingleImage|x64 = SingleImage|x64
		SingleImage|x86 = SingleImage|x86
	EndGlobalSection
	GlobalSection(ProjectConfigurationPlatforms) = postSolution
		{D18ED6C7-B8D0-4D9E-B498-744DC88A06AA}.CD_ROM|Any CPU.ActiveCfg = Release|Any CPU
		{D18ED6C7-B8D0-4D9E-B498-744DC88A06AA}.CD_ROM|Any CPU.Build.0 = Release|Any CPU
		{D18ED6C7-B8D0-4D9E-B498-744DC88A06AA}.CD_ROM|Mixed Platforms.ActiveCfg = Release|Any CPU
		{D18ED6C7-B8D0-4D9E-B498-744DC88A06AA}.CD_ROM|Mixed Platforms.Build.0 = Release|Any CPU
		{D18ED6C7-B8D0-4D9E-B498-744DC88A06AA}.CD_ROM|Win32.ActiveCfg = Debug|Any CPU
		{D18ED6C7-B8D0-4D9E-B498-744DC88A06AA}.CD_ROM|x64.ActiveCfg = Release|x64
		{D18ED6C7-B8D0-4D9E-B498-744DC88A06AA}.CD_ROM|x64.Build.0 = Release|x64
		{D18ED6C7-B8D0-4D9E-B498-744DC88A06AA}.CD_ROM|x86.ActiveCfg = Release|Any CPU
		{D18ED6C7-B8D0-4D9E-B498-744DC88A06AA}.Debug|Any CPU.ActiveCfg = Debug|Any CPU
		{D18ED6C7-B8D0-4D9E-B498-744DC88A06AA}.Debug|Any CPU.Build.0 = Debug|Any CPU
		{D18ED6C7-B8D0-4D9E-B498-744DC88A06AA}.Debug|Mixed Platforms.ActiveCfg = Debug|Any CPU
		{D18ED6C7-B8D0-4D9E-B498-744DC88A06AA}.Debug|Mixed Platforms.Build.0 = Debug|Any CPU
		{D18ED6C7-B8D0-4D9E-B498-744DC88A06AA}.Debug|Win32.ActiveCfg = Debug|Any CPU
		{D18ED6C7-B8D0-4D9E-B498-744DC88A06AA}.Debug|x64.ActiveCfg = Debug|x64
		{D18ED6C7-B8D0-4D9E-B498-744DC88A06AA}.Debug|x64.Build.0 = Debug|x64
		{D18ED6C7-B8D0-4D9E-B498-744DC88A06AA}.Debug|x86.ActiveCfg = Debug|x64
		{D18ED6C7-B8D0-4D9E-B498-744DC88A06AA}.DVD-5|Any CPU.ActiveCfg = Debug|Any CPU
		{D18ED6C7-B8D0-4D9E-B498-744DC88A06AA}.DVD-5|Any CPU.Build.0 = Debug|Any CPU
		{D18ED6C7-B8D0-4D9E-B498-744DC88A06AA}.DVD-5|Mixed Platforms.ActiveCfg = Debug|Any CPU
		{D18ED6C7-B8D0-4D9E-B498-744DC88A06AA}.DVD-5|Mixed Platforms.Build.0 = Debug|Any CPU
		{D18ED6C7-B8D0-4D9E-B498-744DC88A06AA}.DVD-5|Win32.ActiveCfg = Debug|Any CPU
		{D18ED6C7-B8D0-4D9E-B498-744DC88A06AA}.DVD-5|x64.ActiveCfg = Debug|x64
		{D18ED6C7-B8D0-4D9E-B498-744DC88A06AA}.DVD-5|x64.Build.0 = Debug|x64
		{D18ED6C7-B8D0-4D9E-B498-744DC88A06AA}.DVD-5|x86.ActiveCfg = Debug|Any CPU
		{D18ED6C7-B8D0-4D9E-B498-744DC88A06AA}.Release|Any CPU.ActiveCfg = Release|Any CPU
		{D18ED6C7-B8D0-4D9E-B498-744DC88A06AA}.Release|Any CPU.Build.0 = Release|Any CPU
		{D18ED6C7-B8D0-4D9E-B498-744DC88A06AA}.Release|Mixed Platforms.ActiveCfg = Release|Any CPU
		{D18ED6C7-B8D0-4D9E-B498-744DC88A06AA}.Release|Mixed Platforms.Build.0 = Release|Any CPU
		{D18ED6C7-B8D0-4D9E-B498-744DC88A06AA}.Release|Win32.ActiveCfg = Release|Any CPU
		{D18ED6C7-B8D0-4D9E-B498-744DC88A06AA}.Release|x64.ActiveCfg = Release|x64
		{D18ED6C7-B8D0-4D9E-B498-744DC88A06AA}.Release|x64.Build.0 = Release|x64
		{D18ED6C7-B8D0-4D9E-B498-744DC88A06AA}.Release|x86.ActiveCfg = Release|x64
		{D18ED6C7-B8D0-4D9E-B498-744DC88A06AA}.SingleImage|Any CPU.ActiveCfg = Release|Any CPU
		{D18ED6C7-B8D0-4D9E-B498-744DC88A06AA}.SingleImage|Any CPU.Build.0 = Release|Any CPU
		{D18ED6C7-B8D0-4D9E-B498-744DC88A06AA}.SingleImage|Mixed Platforms.ActiveCfg = Release|Any CPU
		{D18ED6C7-B8D0-4D9E-B498-744DC88A06AA}.SingleImage|Mixed Platforms.Build.0 = Release|Any CPU
		{D18ED6C7-B8D0-4D9E-B498-744DC88A06AA}.SingleImage|Win32.ActiveCfg = Debug|Any CPU
		{D18ED6C7-B8D0-4D9E-B498-744DC88A06AA}.SingleImage|x64.ActiveCfg = Release|x64
		{D18ED6C7-B8D0-4D9E-B498-744DC88A06AA}.SingleImage|x64.Build.0 = Release|x64
		{D18ED6C7-B8D0-4D9E-B498-744DC88A06AA}.SingleImage|x86.ActiveCfg = Release|Any CPU
		{C398A416-8FFA-4877-9DAD-E2D666158CAE}.CD_ROM|Any CPU.ActiveCfg = Release|Any CPU
		{C398A416-8FFA-4877-9DAD-E2D666158CAE}.CD_ROM|Any CPU.Build.0 = Release|Any CPU
		{C398A416-8FFA-4877-9DAD-E2D666158CAE}.CD_ROM|Mixed Platforms.ActiveCfg = Release|Any CPU
		{C398A416-8FFA-4877-9DAD-E2D666158CAE}.CD_ROM|Mixed Platforms.Build.0 = Release|Any CPU
		{C398A416-8FFA-4877-9DAD-E2D666158CAE}.CD_ROM|Win32.ActiveCfg = Debug|Any CPU
		{C398A416-8FFA-4877-9DAD-E2D666158CAE}.CD_ROM|x64.ActiveCfg = Release|Any CPU
		{C398A416-8FFA-4877-9DAD-E2D666158CAE}.CD_ROM|x86.ActiveCfg = Release|Any CPU
		{C398A416-8FFA-4877-9DAD-E2D666158CAE}.Debug|Any CPU.ActiveCfg = Debug|Any CPU
		{C398A416-8FFA-4877-9DAD-E2D666158CAE}.Debug|Any CPU.Build.0 = Debug|Any CPU
		{C398A416-8FFA-4877-9DAD-E2D666158CAE}.Debug|Mixed Platforms.ActiveCfg = Debug|Any CPU
		{C398A416-8FFA-4877-9DAD-E2D666158CAE}.Debug|Mixed Platforms.Build.0 = Debug|Any CPU
		{C398A416-8FFA-4877-9DAD-E2D666158CAE}.Debug|Win32.ActiveCfg = Debug|Any CPU
		{C398A416-8FFA-4877-9DAD-E2D666158CAE}.Debug|x64.ActiveCfg = Debug|Any CPU
		{C398A416-8FFA-4877-9DAD-E2D666158CAE}.Debug|x86.ActiveCfg = Debug|Any CPU
		{C398A416-8FFA-4877-9DAD-E2D666158CAE}.Debug|x86.Build.0 = Debug|Any CPU
		{C398A416-8FFA-4877-9DAD-E2D666158CAE}.DVD-5|Any CPU.ActiveCfg = Debug|Any CPU
		{C398A416-8FFA-4877-9DAD-E2D666158CAE}.DVD-5|Any CPU.Build.0 = Debug|Any CPU
		{C398A416-8FFA-4877-9DAD-E2D666158CAE}.DVD-5|Mixed Platforms.ActiveCfg = Debug|Any CPU
		{C398A416-8FFA-4877-9DAD-E2D666158CAE}.DVD-5|Mixed Platforms.Build.0 = Debug|Any CPU
		{C398A416-8FFA-4877-9DAD-E2D666158CAE}.DVD-5|Win32.ActiveCfg = Debug|Any CPU
		{C398A416-8FFA-4877-9DAD-E2D666158CAE}.DVD-5|x64.ActiveCfg = Debug|Any CPU
		{C398A416-8FFA-4877-9DAD-E2D666158CAE}.DVD-5|x86.ActiveCfg = Debug|Any CPU
		{C398A416-8FFA-4877-9DAD-E2D666158CAE}.Release|Any CPU.ActiveCfg = Release|Any CPU
		{C398A416-8FFA-4877-9DAD-E2D666158CAE}.Release|Any CPU.Build.0 = Release|Any CPU
		{C398A416-8FFA-4877-9DAD-E2D666158CAE}.Release|Mixed Platforms.ActiveCfg = Release|Any CPU
		{C398A416-8FFA-4877-9DAD-E2D666158CAE}.Release|Mixed Platforms.Build.0 = Release|Any CPU
		{C398A416-8FFA-4877-9DAD-E2D666158CAE}.Release|Win32.ActiveCfg = Release|Any CPU
		{C398A416-8FFA-4877-9DAD-E2D666158CAE}.Release|x64.ActiveCfg = Release|Any CPU
		{C398A416-8FFA-4877-9DAD-E2D666158CAE}.Release|x86.ActiveCfg = Release|Any CPU
		{C398A416-8FFA-4877-9DAD-E2D666158CAE}.SingleImage|Any CPU.ActiveCfg = Release|Any CPU
		{C398A416-8FFA-4877-9DAD-E2D666158CAE}.SingleImage|Any CPU.Build.0 = Release|Any CPU
		{C398A416-8FFA-4877-9DAD-E2D666158CAE}.SingleImage|Mixed Platforms.ActiveCfg = Release|Any CPU
		{C398A416-8FFA-4877-9DAD-E2D666158CAE}.SingleImage|Mixed Platforms.Build.0 = Release|Any CPU
		{C398A416-8FFA-4877-9DAD-E2D666158CAE}.SingleImage|Win32.ActiveCfg = Debug|Any CPU
		{C398A416-8FFA-4877-9DAD-E2D666158CAE}.SingleImage|x64.ActiveCfg = Release|Any CPU
		{C398A416-8FFA-4877-9DAD-E2D666158CAE}.SingleImage|x86.ActiveCfg = Release|Any CPU
		{62D30792-A373-4C67-841C-34B2277B1807}.CD_ROM|Any CPU.ActiveCfg = Release|Any CPU
		{62D30792-A373-4C67-841C-34B2277B1807}.CD_ROM|Any CPU.Build.0 = Release|Any CPU
		{62D30792-A373-4C67-841C-34B2277B1807}.CD_ROM|Mixed Platforms.ActiveCfg = Release|Any CPU
		{62D30792-A373-4C67-841C-34B2277B1807}.CD_ROM|Mixed Platforms.Build.0 = Release|Any CPU
		{62D30792-A373-4C67-841C-34B2277B1807}.CD_ROM|Win32.ActiveCfg = Debug|Any CPU
		{62D30792-A373-4C67-841C-34B2277B1807}.CD_ROM|x64.ActiveCfg = Release|Any CPU
		{62D30792-A373-4C67-841C-34B2277B1807}.CD_ROM|x86.ActiveCfg = Release|Any CPU
		{62D30792-A373-4C67-841C-34B2277B1807}.Debug|Any CPU.ActiveCfg = Debug|Any CPU
		{62D30792-A373-4C67-841C-34B2277B1807}.Debug|Any CPU.Build.0 = Debug|Any CPU
		{62D30792-A373-4C67-841C-34B2277B1807}.Debug|Mixed Platforms.ActiveCfg = Debug|Any CPU
		{62D30792-A373-4C67-841C-34B2277B1807}.Debug|Mixed Platforms.Build.0 = Debug|Any CPU
		{62D30792-A373-4C67-841C-34B2277B1807}.Debug|Win32.ActiveCfg = Debug|Any CPU
		{62D30792-A373-4C67-841C-34B2277B1807}.Debug|x64.ActiveCfg = Debug|Any CPU
		{62D30792-A373-4C67-841C-34B2277B1807}.Debug|x86.ActiveCfg = Debug|Any CPU
		{62D30792-A373-4C67-841C-34B2277B1807}.Debug|x86.Build.0 = Debug|Any CPU
		{62D30792-A373-4C67-841C-34B2277B1807}.DVD-5|Any CPU.ActiveCfg = Debug|Any CPU
		{62D30792-A373-4C67-841C-34B2277B1807}.DVD-5|Any CPU.Build.0 = Debug|Any CPU
		{62D30792-A373-4C67-841C-34B2277B1807}.DVD-5|Mixed Platforms.ActiveCfg = Debug|Any CPU
		{62D30792-A373-4C67-841C-34B2277B1807}.DVD-5|Mixed Platforms.Build.0 = Debug|Any CPU
		{62D30792-A373-4C67-841C-34B2277B1807}.DVD-5|Win32.ActiveCfg = Debug|Any CPU
		{62D30792-A373-4C67-841C-34B2277B1807}.DVD-5|x64.ActiveCfg = Debug|Any CPU
		{62D30792-A373-4C67-841C-34B2277B1807}.DVD-5|x86.ActiveCfg = Debug|Any CPU
		{62D30792-A373-4C67-841C-34B2277B1807}.Release|Any CPU.ActiveCfg = Release|Any CPU
		{62D30792-A373-4C67-841C-34B2277B1807}.Release|Any CPU.Build.0 = Release|Any CPU
		{62D30792-A373-4C67-841C-34B2277B1807}.Release|Mixed Platforms.ActiveCfg = Release|Any CPU
		{62D30792-A373-4C67-841C-34B2277B1807}.Release|Mixed Platforms.Build.0 = Release|Any CPU
		{62D30792-A373-4C67-841C-34B2277B1807}.Release|Win32.ActiveCfg = Release|Any CPU
		{62D30792-A373-4C67-841C-34B2277B1807}.Release|x64.ActiveCfg = Release|Any CPU
		{62D30792-A373-4C67-841C-34B2277B1807}.Release|x86.ActiveCfg = Release|Any CPU
		{62D30792-A373-4C67-841C-34B2277B1807}.SingleImage|Any CPU.ActiveCfg = Release|Any CPU
		{62D30792-A373-4C67-841C-34B2277B1807}.SingleImage|Any CPU.Build.0 = Release|Any CPU
		{62D30792-A373-4C67-841C-34B2277B1807}.SingleImage|Mixed Platforms.ActiveCfg = Release|Any CPU
		{62D30792-A373-4C67-841C-34B2277B1807}.SingleImage|Mixed Platforms.Build.0 = Release|Any CPU
		{62D30792-A373-4C67-841C-34B2277B1807}.SingleImage|Win32.ActiveCfg = Debug|Any CPU
		{62D30792-A373-4C67-841C-34B2277B1807}.SingleImage|x64.ActiveCfg = Release|Any CPU
		{62D30792-A373-4C67-841C-34B2277B1807}.SingleImage|x86.ActiveCfg = Release|Any CPU
		{BE1ED569-5E0B-4DF0-8964-33AD2AAE4C4A}.CD_ROM|Any CPU.ActiveCfg = Release|Any CPU
		{BE1ED569-5E0B-4DF0-8964-33AD2AAE4C4A}.CD_ROM|Any CPU.Build.0 = Release|Any CPU
		{BE1ED569-5E0B-4DF0-8964-33AD2AAE4C4A}.CD_ROM|Mixed Platforms.ActiveCfg = Release|Any CPU
		{BE1ED569-5E0B-4DF0-8964-33AD2AAE4C4A}.CD_ROM|Mixed Platforms.Build.0 = Release|Any CPU
		{BE1ED569-5E0B-4DF0-8964-33AD2AAE4C4A}.CD_ROM|Win32.ActiveCfg = Release|Any CPU
		{BE1ED569-5E0B-4DF0-8964-33AD2AAE4C4A}.CD_ROM|x64.ActiveCfg = Release|Any CPU
		{BE1ED569-5E0B-4DF0-8964-33AD2AAE4C4A}.CD_ROM|x86.ActiveCfg = Release|Any CPU
		{BE1ED569-5E0B-4DF0-8964-33AD2AAE4C4A}.Debug|Any CPU.ActiveCfg = Debug|Any CPU
		{BE1ED569-5E0B-4DF0-8964-33AD2AAE4C4A}.Debug|Any CPU.Build.0 = Debug|Any CPU
		{BE1ED569-5E0B-4DF0-8964-33AD2AAE4C4A}.Debug|Mixed Platforms.ActiveCfg = Debug|Any CPU
		{BE1ED569-5E0B-4DF0-8964-33AD2AAE4C4A}.Debug|Mixed Platforms.Build.0 = Debug|Any CPU
		{BE1ED569-5E0B-4DF0-8964-33AD2AAE4C4A}.Debug|Win32.ActiveCfg = Debug|Any CPU
		{BE1ED569-5E0B-4DF0-8964-33AD2AAE4C4A}.Debug|x64.ActiveCfg = Debug|Any CPU
		{BE1ED569-5E0B-4DF0-8964-33AD2AAE4C4A}.Debug|x86.ActiveCfg = Debug|Any CPU
		{BE1ED569-5E0B-4DF0-8964-33AD2AAE4C4A}.DVD-5|Any CPU.ActiveCfg = Debug|Any CPU
		{BE1ED569-5E0B-4DF0-8964-33AD2AAE4C4A}.DVD-5|Any CPU.Build.0 = Debug|Any CPU
		{BE1ED569-5E0B-4DF0-8964-33AD2AAE4C4A}.DVD-5|Mixed Platforms.ActiveCfg = Debug|Any CPU
		{BE1ED569-5E0B-4DF0-8964-33AD2AAE4C4A}.DVD-5|Mixed Platforms.Build.0 = Debug|Any CPU
		{BE1ED569-5E0B-4DF0-8964-33AD2AAE4C4A}.DVD-5|Win32.ActiveCfg = Debug|Any CPU
		{BE1ED569-5E0B-4DF0-8964-33AD2AAE4C4A}.DVD-5|x64.ActiveCfg = Debug|Any CPU
		{BE1ED569-5E0B-4DF0-8964-33AD2AAE4C4A}.DVD-5|x86.ActiveCfg = Debug|Any CPU
		{BE1ED569-5E0B-4DF0-8964-33AD2AAE4C4A}.Release|Any CPU.ActiveCfg = Release|Any CPU
		{BE1ED569-5E0B-4DF0-8964-33AD2AAE4C4A}.Release|Any CPU.Build.0 = Release|Any CPU
		{BE1ED569-5E0B-4DF0-8964-33AD2AAE4C4A}.Release|Mixed Platforms.ActiveCfg = Release|Any CPU
		{BE1ED569-5E0B-4DF0-8964-33AD2AAE4C4A}.Release|Mixed Platforms.Build.0 = Release|Any CPU
		{BE1ED569-5E0B-4DF0-8964-33AD2AAE4C4A}.Release|Win32.ActiveCfg = Release|Any CPU
		{BE1ED569-5E0B-4DF0-8964-33AD2AAE4C4A}.Release|x64.ActiveCfg = Release|Any CPU
		{BE1ED569-5E0B-4DF0-8964-33AD2AAE4C4A}.Release|x86.ActiveCfg = Release|Any CPU
		{BE1ED569-5E0B-4DF0-8964-33AD2AAE4C4A}.SingleImage|Any CPU.ActiveCfg = Release|Any CPU
		{BE1ED569-5E0B-4DF0-8964-33AD2AAE4C4A}.SingleImage|Any CPU.Build.0 = Release|Any CPU
		{BE1ED569-5E0B-4DF0-8964-33AD2AAE4C4A}.SingleImage|Mixed Platforms.ActiveCfg = Release|Any CPU
		{BE1ED569-5E0B-4DF0-8964-33AD2AAE4C4A}.SingleImage|Mixed Platforms.Build.0 = Release|Any CPU
		{BE1ED569-5E0B-4DF0-8964-33AD2AAE4C4A}.SingleImage|Win32.ActiveCfg = Release|Any CPU
		{BE1ED569-5E0B-4DF0-8964-33AD2AAE4C4A}.SingleImage|x64.ActiveCfg = Release|Any CPU
		{BE1ED569-5E0B-4DF0-8964-33AD2AAE4C4A}.SingleImage|x86.ActiveCfg = Release|Any CPU
		{99BA6AAC-192B-41E3-8564-7019D9F38165}.CD_ROM|Any CPU.ActiveCfg = Release|Any CPU
		{99BA6AAC-192B-41E3-8564-7019D9F38165}.CD_ROM|Any CPU.Build.0 = Release|Any CPU
		{99BA6AAC-192B-41E3-8564-7019D9F38165}.CD_ROM|Mixed Platforms.ActiveCfg = Release|Any CPU
		{99BA6AAC-192B-41E3-8564-7019D9F38165}.CD_ROM|Mixed Platforms.Build.0 = Release|Any CPU
		{99BA6AAC-192B-41E3-8564-7019D9F38165}.CD_ROM|Win32.ActiveCfg = Release|Any CPU
		{99BA6AAC-192B-41E3-8564-7019D9F38165}.CD_ROM|x64.ActiveCfg = Release|Any CPU
		{99BA6AAC-192B-41E3-8564-7019D9F38165}.CD_ROM|x86.ActiveCfg = Release|Any CPU
		{99BA6AAC-192B-41E3-8564-7019D9F38165}.Debug|Any CPU.ActiveCfg = Debug|Any CPU
		{99BA6AAC-192B-41E3-8564-7019D9F38165}.Debug|Any CPU.Build.0 = Debug|Any CPU
		{99BA6AAC-192B-41E3-8564-7019D9F38165}.Debug|Mixed Platforms.ActiveCfg = Debug|Any CPU
		{99BA6AAC-192B-41E3-8564-7019D9F38165}.Debug|Mixed Platforms.Build.0 = Debug|Any CPU
		{99BA6AAC-192B-41E3-8564-7019D9F38165}.Debug|Win32.ActiveCfg = Debug|Any CPU
		{99BA6AAC-192B-41E3-8564-7019D9F38165}.Debug|x64.ActiveCfg = Debug|Any CPU
		{99BA6AAC-192B-41E3-8564-7019D9F38165}.Debug|x86.ActiveCfg = Debug|Any CPU
		{99BA6AAC-192B-41E3-8564-7019D9F38165}.DVD-5|Any CPU.ActiveCfg = Debug|Any CPU
		{99BA6AAC-192B-41E3-8564-7019D9F38165}.DVD-5|Any CPU.Build.0 = Debug|Any CPU
		{99BA6AAC-192B-41E3-8564-7019D9F38165}.DVD-5|Mixed Platforms.ActiveCfg = Debug|Any CPU
		{99BA6AAC-192B-41E3-8564-7019D9F38165}.DVD-5|Mixed Platforms.Build.0 = Debug|Any CPU
		{99BA6AAC-192B-41E3-8564-7019D9F38165}.DVD-5|Win32.ActiveCfg = Debug|Any CPU
		{99BA6AAC-192B-41E3-8564-7019D9F38165}.DVD-5|x64.ActiveCfg = Debug|Any CPU
		{99BA6AAC-192B-41E3-8564-7019D9F38165}.DVD-5|x86.ActiveCfg = Debug|Any CPU
		{99BA6AAC-192B-41E3-8564-7019D9F38165}.Release|Any CPU.ActiveCfg = Release|Any CPU
		{99BA6AAC-192B-41E3-8564-7019D9F38165}.Release|Any CPU.Build.0 = Release|Any CPU
		{99BA6AAC-192B-41E3-8564-7019D9F38165}.Release|Mixed Platforms.ActiveCfg = Release|Any CPU
		{99BA6AAC-192B-41E3-8564-7019D9F38165}.Release|Mixed Platforms.Build.0 = Release|Any CPU
		{99BA6AAC-192B-41E3-8564-7019D9F38165}.Release|Win32.ActiveCfg = Release|Any CPU
		{99BA6AAC-192B-41E3-8564-7019D9F38165}.Release|x64.ActiveCfg = Release|Any CPU
		{99BA6AAC-192B-41E3-8564-7019D9F38165}.Release|x86.ActiveCfg = Release|Any CPU
		{99BA6AAC-192B-41E3-8564-7019D9F38165}.SingleImage|Any CPU.ActiveCfg = Release|Any CPU
		{99BA6AAC-192B-41E3-8564-7019D9F38165}.SingleImage|Any CPU.Build.0 = Release|Any CPU
		{99BA6AAC-192B-41E3-8564-7019D9F38165}.SingleImage|Mixed Platforms.ActiveCfg = Release|Any CPU
		{99BA6AAC-192B-41E3-8564-7019D9F38165}.SingleImage|Mixed Platforms.Build.0 = Release|Any CPU
		{99BA6AAC-192B-41E3-8564-7019D9F38165}.SingleImage|Win32.ActiveCfg = Release|Any CPU
		{99BA6AAC-192B-41E3-8564-7019D9F38165}.SingleImage|x64.ActiveCfg = Release|Any CPU
		{99BA6AAC-192B-41E3-8564-7019D9F38165}.SingleImage|x86.ActiveCfg = Release|Any CPU
		{73D973AE-C79A-4E25-A669-C91DB950C709}.CD_ROM|Any CPU.ActiveCfg = Release|Any CPU
		{73D973AE-C79A-4E25-A669-C91DB950C709}.CD_ROM|Any CPU.Build.0 = Release|Any CPU
		{73D973AE-C79A-4E25-A669-C91DB950C709}.CD_ROM|Mixed Platforms.ActiveCfg = Release|Any CPU
		{73D973AE-C79A-4E25-A669-C91DB950C709}.CD_ROM|Mixed Platforms.Build.0 = Release|Any CPU
		{73D973AE-C79A-4E25-A669-C91DB950C709}.CD_ROM|Win32.ActiveCfg = Release|Any CPU
		{73D973AE-C79A-4E25-A669-C91DB950C709}.CD_ROM|x64.ActiveCfg = Release|Any CPU
		{73D973AE-C79A-4E25-A669-C91DB950C709}.CD_ROM|x86.ActiveCfg = Release|Any CPU
		{73D973AE-C79A-4E25-A669-C91DB950C709}.Debug|Any CPU.ActiveCfg = Debug|Any CPU
		{73D973AE-C79A-4E25-A669-C91DB950C709}.Debug|Any CPU.Build.0 = Debug|Any CPU
		{73D973AE-C79A-4E25-A669-C91DB950C709}.Debug|Mixed Platforms.ActiveCfg = Debug|Any CPU
		{73D973AE-C79A-4E25-A669-C91DB950C709}.Debug|Mixed Platforms.Build.0 = Debug|Any CPU
		{73D973AE-C79A-4E25-A669-C91DB950C709}.Debug|Win32.ActiveCfg = Debug|Any CPU
		{73D973AE-C79A-4E25-A669-C91DB950C709}.Debug|x64.ActiveCfg = Debug|Any CPU
		{73D973AE-C79A-4E25-A669-C91DB950C709}.Debug|x86.ActiveCfg = Debug|Any CPU
		{73D973AE-C79A-4E25-A669-C91DB950C709}.DVD-5|Any CPU.ActiveCfg = Debug|Any CPU
		{73D973AE-C79A-4E25-A669-C91DB950C709}.DVD-5|Any CPU.Build.0 = Debug|Any CPU
		{73D973AE-C79A-4E25-A669-C91DB950C709}.DVD-5|Mixed Platforms.ActiveCfg = Debug|Any CPU
		{73D973AE-C79A-4E25-A669-C91DB950C709}.DVD-5|Mixed Platforms.Build.0 = Debug|Any CPU
		{73D973AE-C79A-4E25-A669-C91DB950C709}.DVD-5|Win32.ActiveCfg = Debug|Any CPU
		{73D973AE-C79A-4E25-A669-C91DB950C709}.DVD-5|x64.ActiveCfg = Debug|Any CPU
		{73D973AE-C79A-4E25-A669-C91DB950C709}.DVD-5|x86.ActiveCfg = Debug|Any CPU
		{73D973AE-C79A-4E25-A669-C91DB950C709}.Release|Any CPU.ActiveCfg = Release|Any CPU
		{73D973AE-C79A-4E25-A669-C91DB950C709}.Release|Any CPU.Build.0 = Release|Any CPU
		{73D973AE-C79A-4E25-A669-C91DB950C709}.Release|Mixed Platforms.ActiveCfg = Release|Any CPU
		{73D973AE-C79A-4E25-A669-C91DB950C709}.Release|Mixed Platforms.Build.0 = Release|Any CPU
		{73D973AE-C79A-4E25-A669-C91DB950C709}.Release|Win32.ActiveCfg = Release|Any CPU
		{73D973AE-C79A-4E25-A669-C91DB950C709}.Release|x64.ActiveCfg = Release|Any CPU
		{73D973AE-C79A-4E25-A669-C91DB950C709}.Release|x86.ActiveCfg = Release|Any CPU
		{73D973AE-C79A-4E25-A669-C91DB950C709}.SingleImage|Any CPU.ActiveCfg = Release|Any CPU
		{73D973AE-C79A-4E25-A669-C91DB950C709}.SingleImage|Any CPU.Build.0 = Release|Any CPU
		{73D973AE-C79A-4E25-A669-C91DB950C709}.SingleImage|Mixed Platforms.ActiveCfg = Release|Any CPU
		{73D973AE-C79A-4E25-A669-C91DB950C709}.SingleImage|Mixed Platforms.Build.0 = Release|Any CPU
		{73D973AE-C79A-4E25-A669-C91DB950C709}.SingleImage|Win32.ActiveCfg = Release|Any CPU
		{73D973AE-C79A-4E25-A669-C91DB950C709}.SingleImage|x64.ActiveCfg = Release|Any CPU
		{73D973AE-C79A-4E25-A669-C91DB950C709}.SingleImage|x86.ActiveCfg = Release|Any CPU
		{9924B46B-0361-4048-B861-87557C15EC6E}.CD_ROM|Any CPU.ActiveCfg = Release|Any CPU
		{9924B46B-0361-4048-B861-87557C15EC6E}.CD_ROM|Any CPU.Build.0 = Release|Any CPU
		{9924B46B-0361-4048-B861-87557C15EC6E}.CD_ROM|Mixed Platforms.ActiveCfg = Release|Any CPU
		{9924B46B-0361-4048-B861-87557C15EC6E}.CD_ROM|Mixed Platforms.Build.0 = Release|Any CPU
		{9924B46B-0361-4048-B861-87557C15EC6E}.CD_ROM|Win32.ActiveCfg = Release|Any CPU
		{9924B46B-0361-4048-B861-87557C15EC6E}.CD_ROM|x64.ActiveCfg = Release|Any CPU
		{9924B46B-0361-4048-B861-87557C15EC6E}.CD_ROM|x86.ActiveCfg = Release|Any CPU
		{9924B46B-0361-4048-B861-87557C15EC6E}.Debug|Any CPU.ActiveCfg = Debug|Any CPU
		{9924B46B-0361-4048-B861-87557C15EC6E}.Debug|Any CPU.Build.0 = Debug|Any CPU
		{9924B46B-0361-4048-B861-87557C15EC6E}.Debug|Mixed Platforms.ActiveCfg = Debug|Any CPU
		{9924B46B-0361-4048-B861-87557C15EC6E}.Debug|Mixed Platforms.Build.0 = Debug|Any CPU
		{9924B46B-0361-4048-B861-87557C15EC6E}.Debug|Win32.ActiveCfg = Debug|Any CPU
		{9924B46B-0361-4048-B861-87557C15EC6E}.Debug|x64.ActiveCfg = Debug|Any CPU
		{9924B46B-0361-4048-B861-87557C15EC6E}.Debug|x86.ActiveCfg = Debug|Any CPU
		{9924B46B-0361-4048-B861-87557C15EC6E}.DVD-5|Any CPU.ActiveCfg = Debug|Any CPU
		{9924B46B-0361-4048-B861-87557C15EC6E}.DVD-5|Any CPU.Build.0 = Debug|Any CPU
		{9924B46B-0361-4048-B861-87557C15EC6E}.DVD-5|Mixed Platforms.ActiveCfg = Debug|Any CPU
		{9924B46B-0361-4048-B861-87557C15EC6E}.DVD-5|Mixed Platforms.Build.0 = Debug|Any CPU
		{9924B46B-0361-4048-B861-87557C15EC6E}.DVD-5|Win32.ActiveCfg = Debug|Any CPU
		{9924B46B-0361-4048-B861-87557C15EC6E}.DVD-5|x64.ActiveCfg = Debug|Any CPU
		{9924B46B-0361-4048-B861-87557C15EC6E}.DVD-5|x86.ActiveCfg = Debug|Any CPU
		{9924B46B-0361-4048-B861-87557C15EC6E}.Release|Any CPU.ActiveCfg = Release|Any CPU
		{9924B46B-0361-4048-B861-87557C15EC6E}.Release|Any CPU.Build.0 = Release|Any CPU
		{9924B46B-0361-4048-B861-87557C15EC6E}.Release|Mixed Platforms.ActiveCfg = Release|Any CPU
		{9924B46B-0361-4048-B861-87557C15EC6E}.Release|Mixed Platforms.Build.0 = Release|Any CPU
		{9924B46B-0361-4048-B861-87557C15EC6E}.Release|Win32.ActiveCfg = Release|Any CPU
		{9924B46B-0361-4048-B861-87557C15EC6E}.Release|x64.ActiveCfg = Release|Any CPU
		{9924B46B-0361-4048-B861-87557C15EC6E}.Release|x86.ActiveCfg = Release|Any CPU
		{9924B46B-0361-4048-B861-87557C15EC6E}.SingleImage|Any CPU.ActiveCfg = Release|Any CPU
		{9924B46B-0361-4048-B861-87557C15EC6E}.SingleImage|Any CPU.Build.0 = Release|Any CPU
		{9924B46B-0361-4048-B861-87557C15EC6E}.SingleImage|Mixed Platforms.ActiveCfg = Release|Any CPU
		{9924B46B-0361-4048-B861-87557C15EC6E}.SingleImage|Mixed Platforms.Build.0 = Release|Any CPU
		{9924B46B-0361-4048-B861-87557C15EC6E}.SingleImage|Win32.ActiveCfg = Release|Any CPU
		{9924B46B-0361-4048-B861-87557C15EC6E}.SingleImage|x64.ActiveCfg = Release|Any CPU
		{9924B46B-0361-4048-B861-87557C15EC6E}.SingleImage|x86.ActiveCfg = Release|Any CPU
	EndGlobalSection
	GlobalSection(SolutionProperties) = preSolution
		HideSolutionNode = FALSE
	EndGlobalSection
	GlobalSection(ExtensibilityGlobals) = postSolution
		SolutionGuid = {07BB12D7-22A9-4634-B327-30C5BEDA14EA}
	EndGlobalSection
	GlobalSection(TestCaseManagementSettings) = postSolution
		CategoryFile = PcgTools.vsmdi
	EndGlobalSection
EndGlobal
